{
  "name": "nodepractice",
  "version": "1.0.0",
  "lockfileVersion": 1,
  "requires": true,
  "dependencies": {
    "clockmoji": {
      "version": "1.0.4",
      "resolved": "https://registry.npmjs.org/clockmoji/-/clockmoji-1.0.4.tgz",
      "integrity": "sha1-QWQ9Hy8T33S0CFMOJKpLMpMsD8A=",
      "requires": {
        "get-stdin": "5.0.1"
      }
    },
    "get-stdin": {
      "version": "5.0.1",
      "resolved": "https://registry.npmjs.org/get-stdin/-/get-stdin-5.0.1.tgz",
      "integrity": "sha1-Ei4WFZHiH/TFJTAwVpPyDmOTo5g="
    }
  }
}
